// !$*UTF8*$!
{
	archiveVersion = 1;
	classes = {
	};
	objectVersion = 50;
	objects = {

/* Begin PBXBuildFile section */
		E26DB9AF2508CB95004126D6 /* AppDelegate.swift in Sources */ = {isa = PBXBuildFile; fileRef = E26DB9AE2508CB95004126D6 /* AppDelegate.swift */; };
		E26DB9B12508CB95004126D6 /* SceneDelegate.swift in Sources */ = {isa = PBXBuildFile; fileRef = E26DB9B02508CB95004126D6 /* SceneDelegate.swift */; };
		E26DB9B32508CB95004126D6 /* ViewController.swift in Sources */ = {isa = PBXBuildFile; fileRef = E26DB9B22508CB95004126D6 /* ViewController.swift */; };
		E26DB9B62508CB95004126D6 /* Main.storyboard in Resources */ = {isa = PBXBuildFile; fileRef = E26DB9B42508CB95004126D6 /* Main.storyboard */; };
		E26DB9B82508CB98004126D6 /* Assets.xcassets in Resources */ = {isa = PBXBuildFile; fileRef = E26DB9B72508CB98004126D6 /* Assets.xcassets */; };
		E26DB9BB2508CB98004126D6 /* LaunchScreen.storyboard in Resources */ = {isa = PBXBuildFile; fileRef = E26DB9B92508CB98004126D6 /* LaunchScreen.storyboard */; };
		E26DB9C62508CB99004126D6 /* PasswordHackerTests.swift in Sources */ = {isa = PBXBuildFile; fileRef = E26DB9C52508CB99004126D6 /* PasswordHackerTests.swift */; };
		E26DB9D12508CB99004126D6 /* PasswordHackerUITests.swift in Sources */ = {isa = PBXBuildFile; fileRef = E26DB9D02508CB99004126D6 /* PasswordHackerUITests.swift */; };
/* End PBXBuildFile section */

/* Begin PBXContainerItemProxy section */
		E26DB9C22508CB99004126D6 /* PBXContainerItemProxy */ = {
			isa = PBXContainerItemProxy;
			containerPortal = E26DB9A32508CB95004126D6 /* Project object */;
			proxyType = 1;
			remoteGlobalIDString = E26DB9AA2508CB95004126D6;
			remoteInfo = PasswordHacker;
		};
		E26DB9CD2508CB99004126D6 /* PBXContainerItemProxy */ = {
			isa = PBXContainerItemProxy;
			containerPortal = E26DB9A32508CB95004126D6 /* Project object */;
			proxyType = 1;
			remoteGlobalIDString = E26DB9AA2508CB95004126D6;
			remoteInfo = PasswordHacker;
		};
/* End PBXContainerItemProxy section */

/* Begin PBXFileReference section */
		E26DB9AB2508CB95004126D6 /* PasswordHacker.app */ = {isa = PBXFileReference; explicitFileType = wrapper.application; includeInIndex = 0; path = PasswordHacker.app; sourceTree = BUILT_PRODUCTS_DIR; };
		E26DB9AE2508CB95004126D6 /* AppDelegate.swift */ = {isa = PBXFileReference; lastKnownFileType = sourcecode.swift; path = AppDelegate.swift; sourceTree = "<group>"; };
		E26DB9B02508CB95004126D6 /* SceneDelegate.swift */ = {isa = PBXFileReference; lastKnownFileType = sourcecode.swift; path = SceneDelegate.swift; sourceTree = "<group>"; };
		E26DB9B22508CB95004126D6 /* ViewController.swift */ = {isa = PBXFileReference; lastKnownFileType = sourcecode.swift; path = ViewController.swift; sourceTree = "<group>"; };
		E26DB9B52508CB95004126D6 /* Base */ = {isa = PBXFileReference; lastKnownFileType = file.storyboard; name = Base; path = Base.lproj/Main.storyboard; sourceTree = "<group>"; };
		E26DB9B72508CB98004126D6 /* Assets.xcassets */ = {isa = PBXFileReference; lastKnownFileType = folder.assetcatalog; path = Assets.xcassets; sourceTree = "<group>"; };
		E26DB9BA2508CB98004126D6 /* Base */ = {isa = PBXFileReference; lastKnownFileType = file.storyboard; name = Base; path = Base.lproj/LaunchScreen.storyboard; sourceTree = "<group>"; };
		E26DB9BC2508CB98004126D6 /* Info.plist */ = {isa = PBXFileReference; lastKnownFileType = text.plist.xml; path = Info.plist; sourceTree = "<group>"; };
		E26DB9C12508CB99004126D6 /* PasswordHackerTests.xctest */ = {isa = PBXFileReference; explicitFileType = wrapper.cfbundle; includeInIndex = 0; path = PasswordHackerTests.xctest; sourceTree = BUILT_PRODUCTS_DIR; };
		E26DB9C52508CB99004126D6 /* PasswordHackerTests.swift */ = {isa = PBXFileReference; lastKnownFileType = sourcecode.swift; path = PasswordHackerTests.swift; sourceTree = "<group>"; };
		E26DB9C72508CB99004126D6 /* Info.plist */ = {isa = PBXFileReference; lastKnownFileType = text.plist.xml; path = Info.plist; sourceTree = "<group>"; };
		E26DB9CC2508CB99004126D6 /* PasswordHackerUITests.xctest */ = {isa = PBXFileReference; explicitFileType = wrapper.cfbundle; includeInIndex = 0; path = PasswordHackerUITests.xctest; sourceTree = BUILT_PRODUCTS_DIR; };
		E26DB9D02508CB99004126D6 /* PasswordHackerUITests.swift */ = {isa = PBXFileReference; lastKnownFileType = sourcecode.swift; path = PasswordHackerUITests.swift; sourceTree = "<group>"; };
		E26DB9D22508CB99004126D6 /* Info.plist */ = {isa = PBXFileReference; lastKnownFileType = text.plist.xml; path = Info.plist; sourceTree = "<group>"; };
/* End PBXFileReference section */

/* Begin PBXFrameworksBuildPhase section */
		E26DB9A82508CB95004126D6 /* Frameworks */ = {
			isa = PBXFrameworksBuildPhase;
			buildActionMask = 2147483647;
			files = (
			);
			runOnlyForDeploymentPostprocessing = 0;
		};
		E26DB9BE2508CB99004126D6 /* Frameworks */ = {
			isa = PBXFrameworksBuildPhase;
			buildActionMask = 2147483647;
			files = (
			);
			runOnlyForDeploymentPostprocessing = 0;
		};
		E26DB9C92508CB99004126D6 /* Frameworks */ = {
			isa = PBXFrameworksBuildPhase;
			buildActionMask = 2147483647;
			files = (
			);
			runOnlyForDeploymentPostprocessing = 0;
		};
/* End PBXFrameworksBuildPhase section */

/* Begin PBXGroup section */
		E26DB9A22508CB95004126D6 = {
			isa = PBXGroup;
			children = (
				E26DB9AD2508CB95004126D6 /* PasswordHacker */,
				E26DB9C42508CB99004126D6 /* PasswordHackerTests */,
				E26DB9CF2508CB99004126D6 /* PasswordHackerUITests */,
				E26DB9AC2508CB95004126D6 /* Products */,
			);
			sourceTree = "<group>";
		};
		E26DB9AC2508CB95004126D6 /* Products */ = {
			isa = PBXGroup;
			children = (
				E26DB9AB2508CB95004126D6 /* PasswordHacker.app */,
				E26DB9C12508CB99004126D6 /* PasswordHackerTests.xctest */,
				E26DB9CC2508CB99004126D6 /* PasswordHackerUITests.xctest */,
			);
			name = Products;
			sourceTree = "<group>";
		};
		E26DB9AD2508CB95004126D6 /* PasswordHacker */ = {
			isa = PBXGroup;
			children = (
				E26DB9AE2508CB95004126D6 /* AppDelegate.swift */,
				E26DB9B02508CB95004126D6 /* SceneDelegate.swift */,
				E26DB9B22508CB95004126D6 /* ViewController.swift */,
				E26DB9B42508CB95004126D6 /* Main.storyboard */,
				E26DB9B72508CB98004126D6 /* Assets.xcassets */,
				E26DB9B92508CB98004126D6 /* LaunchScreen.storyboard */,
				E26DB9BC2508CB98004126D6 /* Info.plist */,
			);
			path = PasswordHacker;
			sourceTree = "<group>";
		};
		E26DB9C42508CB99004126D6 /* PasswordHackerTests */ = {
			isa = PBXGroup;
			children = (
				E26DB9C52508CB99004126D6 /* PasswordHackerTests.swift */,
				E26DB9C72508CB99004126D6 /* Info.plist */,
			);
			path = PasswordHackerTests;
			sourceTree = "<group>";
		};
		E26DB9CF2508CB99004126D6 /* PasswordHackerUITests */ = {
			isa = PBXGroup;
			children = (
				E26DB9D02508CB99004126D6 /* PasswordHackerUITests.swift */,
				E26DB9D22508CB99004126D6 /* Info.plist */,
			);
			path = PasswordHackerUITests;
			sourceTree = "<group>";
		};
/* End PBXGroup section */

/* Begin PBXNativeTarget section */
		E26DB9AA2508CB95004126D6 /* PasswordHacker */ = {
			isa = PBXNativeTarget;
			buildConfigurationList = E26DB9D52508CB99004126D6 /* Build configuration list for PBXNativeTarget "PasswordHacker" */;
			buildPhases = (
				E26DB9A72508CB95004126D6 /* Sources */,
				E26DB9A82508CB95004126D6 /* Frameworks */,
				E26DB9A92508CB95004126D6 /* Resources */,
			);
			buildRules = (
			);
			dependencies = (
			);
			name = PasswordHacker;
			productName = PasswordHacker;
			productReference = E26DB9AB2508CB95004126D6 /* PasswordHacker.app */;
			productType = "com.apple.product-type.application";
		};
		E26DB9C02508CB99004126D6 /* PasswordHackerTests */ = {
			isa = PBXNativeTarget;
			buildConfigurationList = E26DB9D82508CB99004126D6 /* Build configuration list for PBXNativeTarget "PasswordHackerTests" */;
			buildPhases = (
				E26DB9BD2508CB99004126D6 /* Sources */,
				E26DB9BE2508CB99004126D6 /* Frameworks */,
				E26DB9BF2508CB99004126D6 /* Resources */,
			);
			buildRules = (
			);
			dependencies = (
				E26DB9C32508CB99004126D6 /* PBXTargetDependency */,
			);
			name = PasswordHackerTests;
			productName = PasswordHackerTests;
			productReference = E26DB9C12508CB99004126D6 /* PasswordHackerTests.xctest */;
			productType = "com.apple.product-type.bundle.unit-test";
		};
		E26DB9CB2508CB99004126D6 /* PasswordHackerUITests */ = {
			isa = PBXNativeTarget;
			buildConfigurationList = E26DB9DB2508CB99004126D6 /* Build configuration list for PBXNativeTarget "PasswordHackerUITests" */;
			buildPhases = (
				E26DB9C82508CB99004126D6 /* Sources */,
				E26DB9C92508CB99004126D6 /* Frameworks */,
				E26DB9CA2508CB99004126D6 /* Resources */,
			);
			buildRules = (
			);
			dependencies = (
				E26DB9CE2508CB99004126D6 /* PBXTargetDependency */,
			);
			name = PasswordHackerUITests;
			productName = PasswordHackerUITests;
			productReference = E26DB9CC2508CB99004126D6 /* PasswordHackerUITests.xctest */;
			productType = "com.apple.product-type.bundle.ui-testing";
		};
/* End PBXNativeTarget section */

/* Begin PBXProject section */
		E26DB9A32508CB95004126D6 /* Project object */ = {
			isa = PBXProject;
			attributes = {
				LastSwiftUpdateCheck = 1170;
				LastUpgradeCheck = 1170;
				ORGANIZATIONNAME = "古田翔太郎";
				TargetAttributes = {
					E26DB9AA2508CB95004126D6 = {
						CreatedOnToolsVersion = 11.7;
					};
					E26DB9C02508CB99004126D6 = {
						CreatedOnToolsVersion = 11.7;
						TestTargetID = E26DB9AA2508CB95004126D6;
					};
					E26DB9CB2508CB99004126D6 = {
						CreatedOnToolsVersion = 11.7;
						TestTargetID = E26DB9AA2508CB95004126D6;
					};
				};
			};
			buildConfigurationList = E26DB9A62508CB95004126D6 /* Build configuration list for PBXProject "PasswordHacker" */;
			compatibilityVersion = "Xcode 9.3";
			developmentRegion = en;
			hasScannedForEncodings = 0;
			knownRegions = (
				en,
				Base,
			);
			mainGroup = E26DB9A22508CB95004126D6;
			productRefGroup = E26DB9AC2508CB95004126D6 /* Products */;
			projectDirPath = "";
			projectRoot = "";
			targets = (
				E26DB9AA2508CB95004126D6 /* PasswordHacker */,
				E26DB9C02508CB99004126D6 /* PasswordHackerTests */,
				E26DB9CB2508CB99004126D6 /* PasswordHackerUITests */,
			);
		};
/* End PBXProject section */

/* Begin PBXResourcesBuildPhase section */
		E26DB9A92508CB95004126D6 /* Resources */ = {
			isa = PBXResourcesBuildPhase;
			buildActionMask = 2147483647;
			files = (
				E26DB9BB2508CB98004126D6 /* LaunchScreen.storyboard in Resources */,
				E26DB9B82508CB98004126D6 /* Assets.xcassets in Resources */,
				E26DB9B62508CB95004126D6 /* Main.storyboard in Resources */,
			);
			runOnlyForDeploymentPostprocessing = 0;
		};
		E26DB9BF2508CB99004126D6 /* Resources */ = {
			isa = PBXResourcesBuildPhase;
			buildActionMask = 2147483647;
			files = (
			);
			runOnlyForDeploymentPostprocessing = 0;
		};
		E26DB9CA2508CB99004126D6 /* Resources */ = {
			isa = PBXResourcesBuildPhase;
			buildActionMask = 2147483647;
			files = (
			);
			runOnlyForDeploymentPostprocessing = 0;
		};
/* End PBXResourcesBuildPhase section */

/* Begin PBXSourcesBuildPhase section */
		E26DB9A72508CB95004126D6 /* Sources */ = {
			isa = PBXSourcesBuildPhase;
			buildActionMask = 2147483647;
			files = (
				E26DB9B32508CB95004126D6 /* ViewController.swift in Sources */,
				E26DB9AF2508CB95004126D6 /* AppDelegate.swift in Sources */,
				E26DB9B12508CB95004126D6 /* SceneDelegate.swift in Sources */,
			);
			runOnlyForDeploymentPostprocessing = 0;
		};
		E26DB9BD2508CB99004126D6 /* Sources */ = {
			isa = PBXSourcesBuildPhase;
			buildActionMask = 2147483647;
			files = (
				E26DB9C62508CB99004126D6 /* PasswordHackerTests.swift in Sources */,
			);
			runOnlyForDeploymentPostprocessing = 0;
		};
		E26DB9C82508CB99004126D6 /* Sources */ = {
			isa = PBXSourcesBuildPhase;
			buildActionMask = 2147483647;
			files = (
				E26DB9D12508CB99004126D6 /* PasswordHackerUITests.swift in Sources */,
			);
			runOnlyForDeploymentPostprocessing = 0;
		};
/* End PBXSourcesBuildPhase section */

/* Begin PBXTargetDependency section */
		E26DB9C32508CB99004126D6 /* PBXTargetDependency */ = {
			isa = PBXTargetDependency;
			target = E26DB9AA2508CB95004126D6 /* PasswordHacker */;
			targetProxy = E26DB9C22508CB99004126D6 /* PBXContainerItemProxy */;
		};
		E26DB9CE2508CB99004126D6 /* PBXTargetDependency */ = {
			isa = PBXTargetDependency;
			target = E26DB9AA2508CB95004126D6 /* PasswordHacker */;
			targetProxy = E26DB9CD2508CB99004126D6 /* PBXContainerItemProxy */;
		};
/* End PBXTargetDependency section */

/* Begin PBXVariantGroup section */
		E26DB9B42508CB95004126D6 /* Main.storyboard */ = {
			isa = PBXVariantGroup;
			children = (
				E26DB9B52508CB95004126D6 /* Base */,
			);
			name = Main.storyboard;
			sourceTree = "<group>";
		};
		E26DB9B92508CB98004126D6 /* LaunchScreen.storyboard */ = {
			isa = PBXVariantGroup;
			children = (
				E26DB9BA2508CB98004126D6 /* Base */,
			);
			name = LaunchScreen.storyboard;
			sourceTree = "<group>";
		};
/* End PBXVariantGroup section */

/* Begin XCBuildConfiguration section */
		E26DB9D32508CB99004126D6 /* Debug */ = {
			isa = XCBuildConfiguration;
			buildSettings = {
				ALWAYS_SEARCH_USER_PATHS = NO;
				CLANG_ANALYZER_NONNULL = YES;
				CLANG_ANALYZER_NUMBER_OBJECT_CONVERSION = YES_AGGRESSIVE;
				CLANG_CXX_LANGUAGE_STANDARD = "gnu++14";
				CLANG_CXX_LIBRARY = "libc++";
				CLANG_ENABLE_MODULES = YES;
				CLANG_ENABLE_OBJC_ARC = YES;
				CLANG_ENABLE_OBJC_WEAK = YES;
				CLANG_WARN_BLOCK_CAPTURE_AUTORELEASING = YES;
				CLANG_WARN_BOOL_CONVERSION = YES;
				CLANG_WARN_COMMA = YES;
				CLANG_WARN_CONSTANT_CONVERSION = YES;
				CLANG_WARN_DEPRECATED_OBJC_IMPLEMENTATIONS = YES;
				CLANG_WARN_DIRECT_OBJC_ISA_USAGE = YES_ERROR;
				CLANG_WARN_DOCUMENTATION_COMMENTS = YES;
				CLANG_WARN_EMPTY_BODY = YES;
				CLANG_WARN_ENUM_CONVERSION = YES;
				CLANG_WARN_INFINITE_RECURSION = YES;
				CLANG_WARN_INT_CONVERSION = YES;
				CLANG_WARN_NON_LITERAL_NULL_CONVERSION = YES;
				CLANG_WARN_OBJC_IMPLICIT_RETAIN_SELF = YES;
				CLANG_WARN_OBJC_LITERAL_CONVERSION = YES;
				CLANG_WARN_OBJC_ROOT_CLASS = YES_ERROR;
				CLANG_WARN_RANGE_LOOP_ANALYSIS = YES;
				CLANG_WARN_STRICT_PROTOTYPES = YES;
				CLANG_WARN_SUSPICIOUS_MOVE = YES;
				CLANG_WARN_UNGUARDED_AVAILABILITY = YES_AGGRESSIVE;
				CLANG_WARN_UNREACHABLE_CODE = YES;
				CLANG_WARN__DUPLICATE_METHOD_MATCH = YES;
				COPY_PHASE_STRIP = NO;
				DEBUG_INFORMATION_FORMAT = dwarf;
				ENABLE_STRICT_OBJC_MSGSEND = YES;
				ENABLE_TESTABILITY = YES;
				GCC_C_LANGUAGE_STANDARD = gnu11;
				GCC_DYNAMIC_NO_PIC = NO;
				GCC_NO_COMMON_BLOCKS = YES;
				GCC_OPTIMIZATION_LEVEL = 0;
				GCC_PREPROCESSOR_DEFINITIONS = (
					"DEBUG=1",
					"$(inherited)",
				);
				GCC_WARN_64_TO_32_BIT_CONVERSION = YES;
				GCC_WARN_ABOUT_RETURN_TYPE = YES_ERROR;
				GCC_WARN_UNDECLARED_SELECTOR = YES;
				GCC_WARN_UNINITIALIZED_AUTOS = YES_AGGRESSIVE;
				GCC_WARN_UNUSED_FUNCTION = YES;
				GCC_WARN_UNUSED_VARIABLE = YES;
				IPHONEOS_DEPLOYMENT_TARGET = 13.7;
				MTL_ENABLE_DEBUG_INFO = INCLUDE_SOURCE;
				MTL_FAST_MATH = YES;
				ONLY_ACTIVE_ARCH = YES;
				SDKROOT = iphoneos;
				SWIFT_ACTIVE_COMPILATION_CONDITIONS = DEBUG;
				SWIFT_OPTIMIZATION_LEVEL = "-Onone";
			};
			name = Debug;
		};
		E26DB9D42508CB99004126D6 /* Release */ = {
			isa = XCBuildConfiguration;
			buildSettings = {
				ALWAYS_SEARCH_USER_PATHS = NO;
				CLANG_ANALYZER_NONNULL = YES;
				CLANG_ANALYZER_NUMBER_OBJECT_CONVERSION = YES_AGGRESSIVE;
				CLANG_CXX_LANGUAGE_STANDARD = "gnu++14";
				CLANG_CXX_LIBRARY = "libc++";
				CLANG_ENABLE_MODULES = YES;
				CLANG_ENABLE_OBJC_ARC = YES;
				CLANG_ENABLE_OBJC_WEAK = YES;
				CLANG_WARN_BLOCK_CAPTURE_AUTORELEASING = YES;
				CLANG_WARN_BOOL_CONVERSION = YES;
				CLANG_WARN_COMMA = YES;
				CLANG_WARN_CONSTANT_CONVERSION = YES;
				CLANG_WARN_DEPRECATED_OBJC_IMPLEMENTATIONS = YES;
				CLANG_WARN_DIRECT_OBJC_ISA_USAGE = YES_ERROR;
				CLANG_WARN_DOCUMENTATION_COMMENTS = YES;
				CLANG_WARN_EMPTY_BODY = YES;
				CLANG_WARN_ENUM_CONVERSION = YES;
				CLANG_WARN_INFINITE_RECURSION = YES;
				CLANG_WARN_INT_CONVERSION = YES;
				CLANG_WARN_NON_LITERAL_NULL_CONVERSION = YES;
				CLANG_WARN_OBJC_IMPLICIT_RETAIN_SELF = YES;
				CLANG_WARN_OBJC_LITERAL_CONVERSION = YES;
				CLANG_WARN_OBJC_ROOT_CLASS = YES_ERROR;
				CLANG_WARN_RANGE_LOOP_ANALYSIS = YES;
				CLANG_WARN_STRICT_PROTOTYPES = YES;
				CLANG_WARN_SUSPICIOUS_MOVE = YES;
				CLANG_WARN_UNGUARDED_AVAILABILITY = YES_AGGRESSIVE;
				CLANG_WARN_UNREACHABLE_CODE = YES;
				CLANG_WARN__DUPLICATE_METHOD_MATCH = YES;
				COPY_PHASE_STRIP = NO;
				DEBUG_INFORMATION_FORMAT = "dwarf-with-dsym";
				ENABLE_NS_ASSERTIONS = NO;
				ENABLE_STRICT_OBJC_MSGSEND = YES;
				GCC_C_LANGUAGE_STANDARD = gnu11;
				GCC_NO_COMMON_BLOCKS = YES;
				GCC_WARN_64_TO_32_BIT_CONVERSION = YES;
				GCC_WARN_ABOUT_RETURN_TYPE = YES_ERROR;
				GCC_WARN_UNDECLARED_SELECTOR = YES;
				GCC_WARN_UNINITIALIZED_AUTOS = YES_AGGRESSIVE;
				GCC_WARN_UNUSED_FUNCTION = YES;
				GCC_WARN_UNUSED_VARIABLE = YES;
				IPHONEOS_DEPLOYMENT_TARGET = 13.7;
				MTL_ENABLE_DEBUG_INFO = NO;
				MTL_FAST_MATH = YES;
				SDKROOT = iphoneos;
				SWIFT_COMPILATION_MODE = wholemodule;
				SWIFT_OPTIMIZATION_LEVEL = "-O";
				VALIDATE_PRODUCT = YES;
			};
			name = Release;
		};
		E26DB9D62508CB99004126D6 /* Debug */ = {
			isa = XCBuildConfiguration;
			buildSettings = {
				ASSETCATALOG_COMPILER_APPICON_NAME = AppIcon;
				CODE_SIGN_STYLE = Automatic;
				INFOPLIST_FILE = PasswordHacker/Info.plist;
				LD_RUNPATH_SEARCH_PATHS = (
					"$(inherited)",
					"@executable_path/Frameworks",
				);
				PRODUCT_BUNDLE_IDENTIFIER = anny.PasswordHacker;
				PRODUCT_NAME = "$(TARGET_NAME)";
				SWIFT_VERSION = 5.0;
				TARGETED_DEVICE_FAMILY = "1,2";
			};
			name = Debug;
		};
		E26DB9D72508CB99004126D6 /* Release */ = {
			isa = XCBuildConfiguration;
			buildSettings = {
				ASSETCATALOG_COMPILER_APPICON_NAME = AppIcon;
				CODE_SIGN_STYLE = Automatic;
				INFOPLIST_FILE = PasswordHacker/Info.plist;
				LD_RUNPATH_SEARCH_PATHS = (
					"$(inherited)",
					"@executable_path/Frameworks",
				);
				PRODUCT_BUNDLE_IDENTIFIER = anny.PasswordHacker;
				PRODUCT_NAME = "$(TARGET_NAME)";
				SWIFT_VERSION = 5.0;
				TARGETED_DEVICE_FAMILY = "1,2";
			};
			name = Release;
		};
		E26DB9D92508CB99004126D6 /* Debug */ = {
			isa = XCBuildConfiguration;
			buildSettings = {
				ALWAYS_EMBED_SWIFT_STANDARD_LIBRARIES = YES;
				BUNDLE_LOADER = "$(TEST_HOST)";
				CODE_SIGN_STYLE = Automatic;
				INFOPLIST_FILE = PasswordHackerTests/Info.plist;
				IPHONEOS_DEPLOYMENT_TARGET = 13.7;
				LD_RUNPATH_SEARCH_PATHS = (
					"$(inherited)",
					"@executable_path/Frameworks",
					"@loader_path/Frameworks",
				);
				PRODUCT_BUNDLE_IDENTIFIER = anny.PasswordHackerTests;
				PRODUCT_NAME = "$(TARGET_NAME)";
				SWIFT_VERSION = 5.0;
				TARGETED_DEVICE_FAMILY = "1,2";
				TEST_HOST = "$(BUILT_PRODUCTS_DIR)/PasswordHacker.app/PasswordHacker";
			};
			name = Debug;
		};
		E26DB9DA2508CB99004126D6 /* Release */ = {
			isa = XCBuildConfiguration;
			buildSettings = {
				ALWAYS_EMBED_SWIFT_STANDARD_LIBRARIES = YES;
				BUNDLE_LOADER = "$(TEST_HOST)";
				CODE_SIGN_STYLE = Automatic;
				INFOPLIST_FILE = PasswordHackerTests/Info.plist;
				IPHONEOS_DEPLOYMENT_TARGET = 13.7;
				LD_RUNPATH_SEARCH_PATHS = (
					"$(inherited)",
					"@executable_path/Frameworks",
					"@loader_path/Frameworks",
				);
				PRODUCT_BUNDLE_IDENTIFIER = anny.PasswordHackerTests;
				PRODUCT_NAME = "$(TARGET_NAME)";
				SWIFT_VERSION = 5.0;
				TARGETED_DEVICE_FAMILY = "1,2";
				TEST_HOST = "$(BUILT_PRODUCTS_DIR)/PasswordHacker.app/PasswordHacker";
			};
			name = Release;
		};
		E26DB9DC2508CB99004126D6 /* Debug */ = {
			isa = XCBuildConfiguration;
			buildSettings = {
				ALWAYS_EMBED_SWIFT_STANDARD_LIBRARIES = YES;
				CODE_SIGN_STYLE = Automatic;
				INFOPLIST_FILE = PasswordHackerUITests/Info.plist;
				LD_RUNPATH_SEARCH_PATHS = (
					"$(inherited)",
					"@executable_path/Frameworks",
					"@loader_path/Frameworks",
				);
				PRODUCT_BUNDLE_IDENTIFIER = anny.PasswordHackerUITests;
				PRODUCT_NAME = "$(TARGET_NAME)";
				SWIFT_VERSION = 5.0;
				TARGETED_DEVICE_FAMILY = "1,2";
				TEST_TARGET_NAME = PasswordHacker;
			};
			name = Debug;
		};
		E26DB9DD2508CB99004126D6 /* Release */ = {
			isa = XCBuildConfiguration;
			buildSettings = {
				ALWAYS_EMBED_SWIFT_STANDARD_LIBRARIES = YES;
				CODE_SIGN_STYLE = Automatic;
				INFOPLIST_FILE = PasswordHackerUITests/Info.plist;
				LD_RUNPATH_SEARCH_PATHS = (
					"$(inherited)",
					"@executable_path/Frameworks",
					"@loader_path/Frameworks",
				);
				PRODUCT_BUNDLE_IDENTIFIER = anny.PasswordHackerUITests;
				PRODUCT_NAME = "$(TARGET_NAME)";
				SWIFT_VERSION = 5.0;
				TARGETED_DEVICE_FAMILY = "1,2";
				TEST_TARGET_NAME = PasswordHacker;
			};
			name = Release;
		};
/* End XCBuildConfiguration section */

/* Begin XCConfigurationList section */
		E26DB9A62508CB95004126D6 /* Build configuration list for PBXProject "PasswordHacker" */ = {
			isa = XCConfigurationList;
			buildConfigurations = (
				E26DB9D32508CB99004126D6 /* Debug */,
				E26DB9D42508CB99004126D6 /* Release */,
			);
			defaultConfigurationIsVisible = 0;
			defaultConfigurationName = Release;
		};
		E26DB9D52508CB99004126D6 /* Build configuration list for PBXNativeTarget "PasswordHacker" */ = {
			isa = XCConfigurationList;
			buildConfigurations = (
				E26DB9D62508CB99004126D6 /* Debug */,
				E26DB9D72508CB99004126D6 /* Release */,
			);
			defaultConfigurationIsVisible = 0;
			defaultConfigurationName = Release;
		};
		E26DB9D82508CB99004126D6 /* Build configuration list for PBXNativeTarget "PasswordHackerTests" */ = {
			isa = XCConfigurationList;
			buildConfigurations = (
				E26DB9D92508CB99004126D6 /* Debug */,
				E26DB9DA2508CB99004126D6 /* Release */,
			);
			defaultConfigurationIsVisible = 0;
			defaultConfigurationName = Release;
		};
		E26DB9DB2508CB99004126D6 /* Build configuration list for PBXNativeTarget "PasswordHackerUITests" */ = {
			isa = XCConfigurationList;
			buildConfigurations = (
				E26DB9DC2508CB99004126D6 /* Debug */,
				E26DB9DD2508CB99004126D6 /* Release */,
			);
			defaultConfigurationIsVisible = 0;
			defaultConfigurationName = Release;
		};
/* End XCConfigurationList section */
	};
	rootObject = E26DB9A32508CB95004126D6 /* Project object */;
}
